// !$*UTF8*$!
{
	archiveVersion = 1;
	classes = {
	};
	objectVersion = 46;
	objects = {

/* Begin PBXBuildFile section */
		6B4C18BD8C8885068325DF77 /* Pods_BlueViewManager.framework in Frameworks */ = {isa = PBXBuildFile; fileRef = 15828FAA907A005BF19D9BD1 /* Pods_BlueViewManager.framework */; };
		A304441F1DF34DA3009D9218 /* Images.xcassets in Resources */ = {isa = PBXBuildFile; fileRef = A304441E1DF34DA3009D9218 /* Images.xcassets */; };
		A30444211DF3644C009D9218 /* SignupViewController.swift in Sources */ = {isa = PBXBuildFile; fileRef = A30444201DF3644C009D9218 /* SignupViewController.swift */; };
		A30444251DF5C900009D9218 /* MasterTitleView.xib in Resources */ = {isa = PBXBuildFile; fileRef = A30444241DF5C900009D9218 /* MasterTitleView.xib */; };
		A30444271DF5CA58009D9218 /* MasterTitleView.swift in Sources */ = {isa = PBXBuildFile; fileRef = A30444261DF5CA58009D9218 /* MasterTitleView.swift */; };
		A304442A1DF629A7009D9218 /* User.swift in Sources */ = {isa = PBXBuildFile; fileRef = A30444291DF629A7009D9218 /* User.swift */; };
		A304442C1DF62A50009D9218 /* Purchase.swift in Sources */ = {isa = PBXBuildFile; fileRef = A304442B1DF62A50009D9218 /* Purchase.swift */; };
		A304442E1DF62B7F009D9218 /* Service.swift in Sources */ = {isa = PBXBuildFile; fileRef = A304442D1DF62B7F009D9218 /* Service.swift */; };
		A38764E61E01F660005E3C3C /* ServicesPerUserViewController.swift in Sources */ = {isa = PBXBuildFile; fileRef = A38764E51E01F660005E3C3C /* ServicesPerUserViewController.swift */; };
		A38764E81E03066D005E3C3C /* UserHistoryTableViewController.swift in Sources */ = {isa = PBXBuildFile; fileRef = A38764E71E03066D005E3C3C /* UserHistoryTableViewController.swift */; };
		A38764ED1E033CB2005E3C3C /* ContainerViewController.swift in Sources */ = {isa = PBXBuildFile; fileRef = A38764EC1E033CB2005E3C3C /* ContainerViewController.swift */; };
		A38764EF1E033CDF005E3C3C /* SidePanelViewController.swift in Sources */ = {isa = PBXBuildFile; fileRef = A38764EE1E033CDF005E3C3C /* SidePanelViewController.swift */; };
		A38764F11E033CFB005E3C3C /* CenterViewController.swift in Sources */ = {isa = PBXBuildFile; fileRef = A38764F01E033CFB005E3C3C /* CenterViewController.swift */; };
		A3A6EF461DF8E53200D98BED /* AddCycleTestTableViewController.swift in Sources */ = {isa = PBXBuildFile; fileRef = A3A6EF451DF8E53200D98BED /* AddCycleTestTableViewController.swift */; };
		A3C6A52C1DF1C29F00C622D4 /* AppDelegate.swift in Sources */ = {isa = PBXBuildFile; fileRef = A3C6A52B1DF1C29F00C622D4 /* AppDelegate.swift */; };
		A3C6A52E1DF1C29F00C622D4 /* MasterViewController.swift in Sources */ = {isa = PBXBuildFile; fileRef = A3C6A52D1DF1C29F00C622D4 /* MasterViewController.swift */; };
		A3C6A5301DF1C29F00C622D4 /* DetailViewController.swift in Sources */ = {isa = PBXBuildFile; fileRef = A3C6A52F1DF1C29F00C622D4 /* DetailViewController.swift */; };
		A3C6A5331DF1C29F00C622D4 /* Main.storyboard in Resources */ = {isa = PBXBuildFile; fileRef = A3C6A5311DF1C29F00C622D4 /* Main.storyboard */; };
		A3C6A5351DF1C29F00C622D4 /* Assets.xcassets in Resources */ = {isa = PBXBuildFile; fileRef = A3C6A5341DF1C29F00C622D4 /* Assets.xcassets */; };
		A3C6A5381DF1C29F00C622D4 /* LaunchScreen.storyboard in Resources */ = {isa = PBXBuildFile; fileRef = A3C6A5361DF1C29F00C622D4 /* LaunchScreen.storyboard */; };
		A3C6A5411DF1D1AB00C622D4 /* GoogleService-Info.plist in Resources */ = {isa = PBXBuildFile; fileRef = A3C6A5401DF1D1AB00C622D4 /* GoogleService-Info.plist */; };
		A3C6A5451DF2020900C622D4 /* LoginViewController.swift in Sources */ = {isa = PBXBuildFile; fileRef = A3C6A5441DF2020900C622D4 /* LoginViewController.swift */; };
		A3C6A54F1DF226C400C622D4 /* UIViewController+Alerts.m in Sources */ = {isa = PBXBuildFile; fileRef = A3C6A54E1DF226C400C622D4 /* UIViewController+Alerts.m */; };
		A3D039531DF7B18600100887 /* AllUsersViewController.swift in Sources */ = {isa = PBXBuildFile; fileRef = A3D039521DF7B18600100887 /* AllUsersViewController.swift */; };
		A3D039551DF7B27500100887 /* UserTableViewCell.swift in Sources */ = {isa = PBXBuildFile; fileRef = A3D039541DF7B27500100887 /* UserTableViewCell.swift */; };
		A3D039571DF7B98800100887 /* UserCell.xib in Resources */ = {isa = PBXBuildFile; fileRef = A3D039561DF7B98800100887 /* UserCell.xib */; };
		A3D039591DF89BD600100887 /* CycleTest.swift in Sources */ = {isa = PBXBuildFile; fileRef = A3D039581DF89BD500100887 /* CycleTest.swift */; };
		A3D0395B1DF89E7100100887 /* AdminFunctions.storyboard in Resources */ = {isa = PBXBuildFile; fileRef = A3D0395A1DF89E7100100887 /* AdminFunctions.storyboard */; };
		A3D0395E1DF8A31A00100887 /* CycleTestTableViewCell.swift in Sources */ = {isa = PBXBuildFile; fileRef = A3D0395C1DF8A31A00100887 /* CycleTestTableViewCell.swift */; };
		A3D0395F1DF8A31A00100887 /* CycleTestTableViewCell.xib in Resources */ = {isa = PBXBuildFile; fileRef = A3D0395D1DF8A31A00100887 /* CycleTestTableViewCell.xib */; };
		A3D039611DF8BA5D00100887 /* CycleTestsPerUserViewController.swift in Sources */ = {isa = PBXBuildFile; fileRef = A3D039601DF8BA5D00100887 /* CycleTestsPerUserViewController.swift */; };
/* End PBXBuildFile section */

/* Begin PBXFileReference section */
		03CD02307BDC3F6528598621 /* Pods-BlueViewManager.release.xcconfig */ = {isa = PBXFileReference; includeInIndex = 1; lastKnownFileType = text.xcconfig; name = "Pods-BlueViewManager.release.xcconfig"; path = "Pods/Target Support Files/Pods-BlueViewManager/Pods-BlueViewManager.release.xcconfig"; sourceTree = "<group>"; };
		15828FAA907A005BF19D9BD1 /* Pods_BlueViewManager.framework */ = {isa = PBXFileReference; explicitFileType = wrapper.framework; includeInIndex = 0; path = Pods_BlueViewManager.framework; sourceTree = BUILT_PRODUCTS_DIR; };
		935A3541D7D1D9594CB28C23 /* Pods-BlueViewManager.debug.xcconfig */ = {isa = PBXFileReference; includeInIndex = 1; lastKnownFileType = text.xcconfig; name = "Pods-BlueViewManager.debug.xcconfig"; path = "Pods/Target Support Files/Pods-BlueViewManager/Pods-BlueViewManager.debug.xcconfig"; sourceTree = "<group>"; };
		A304441E1DF34DA3009D9218 /* Images.xcassets */ = {isa = PBXFileReference; lastKnownFileType = folder.assetcatalog; path = Images.xcassets; sourceTree = "<group>"; };
		A30444201DF3644C009D9218 /* SignupViewController.swift */ = {isa = PBXFileReference; fileEncoding = 4; lastKnownFileType = sourcecode.swift; path = SignupViewController.swift; sourceTree = "<group>"; };
		A30444241DF5C900009D9218 /* MasterTitleView.xib */ = {isa = PBXFileReference; fileEncoding = 4; lastKnownFileType = file.xib; path = MasterTitleView.xib; sourceTree = "<group>"; };
		A30444261DF5CA58009D9218 /* MasterTitleView.swift */ = {isa = PBXFileReference; fileEncoding = 4; lastKnownFileType = sourcecode.swift; path = MasterTitleView.swift; sourceTree = "<group>"; };
		A30444291DF629A7009D9218 /* User.swift */ = {isa = PBXFileReference; fileEncoding = 4; lastKnownFileType = sourcecode.swift; path = User.swift; sourceTree = "<group>"; };
		A304442B1DF62A50009D9218 /* Purchase.swift */ = {isa = PBXFileReference; fileEncoding = 4; lastKnownFileType = sourcecode.swift; path = Purchase.swift; sourceTree = "<group>"; };
		A304442D1DF62B7F009D9218 /* Service.swift */ = {isa = PBXFileReference; fileEncoding = 4; lastKnownFileType = sourcecode.swift; path = Service.swift; sourceTree = "<group>"; };
		A38764E51E01F660005E3C3C /* ServicesPerUserViewController.swift */ = {isa = PBXFileReference; fileEncoding = 4; lastKnownFileType = sourcecode.swift; path = ServicesPerUserViewController.swift; sourceTree = "<group>"; };
		A38764E71E03066D005E3C3C /* UserHistoryTableViewController.swift */ = {isa = PBXFileReference; fileEncoding = 4; lastKnownFileType = sourcecode.swift; path = UserHistoryTableViewController.swift; sourceTree = "<group>"; };
		A38764EC1E033CB2005E3C3C /* ContainerViewController.swift */ = {isa = PBXFileReference; fileEncoding = 4; lastKnownFileType = sourcecode.swift; path = ContainerViewController.swift; sourceTree = "<group>"; };
		A38764EE1E033CDF005E3C3C /* SidePanelViewController.swift */ = {isa = PBXFileReference; fileEncoding = 4; lastKnownFileType = sourcecode.swift; path = SidePanelViewController.swift; sourceTree = "<group>"; };
		A38764F01E033CFB005E3C3C /* CenterViewController.swift */ = {isa = PBXFileReference; fileEncoding = 4; lastKnownFileType = sourcecode.swift; path = CenterViewController.swift; sourceTree = "<group>"; };
		A3A6EF451DF8E53200D98BED /* AddCycleTestTableViewController.swift */ = {isa = PBXFileReference; fileEncoding = 4; lastKnownFileType = sourcecode.swift; path = AddCycleTestTableViewController.swift; sourceTree = "<group>"; };
		A3C6A5281DF1C29F00C622D4 /* BlueViewManager.app */ = {isa = PBXFileReference; explicitFileType = wrapper.application; includeInIndex = 0; path = BlueViewManager.app; sourceTree = BUILT_PRODUCTS_DIR; };
		A3C6A52B1DF1C29F00C622D4 /* AppDelegate.swift */ = {isa = PBXFileReference; lastKnownFileType = sourcecode.swift; path = AppDelegate.swift; sourceTree = "<group>"; };
		A3C6A52D1DF1C29F00C622D4 /* MasterViewController.swift */ = {isa = PBXFileReference; lastKnownFileType = sourcecode.swift; path = MasterViewController.swift; sourceTree = "<group>"; };
		A3C6A52F1DF1C29F00C622D4 /* DetailViewController.swift */ = {isa = PBXFileReference; lastKnownFileType = sourcecode.swift; path = DetailViewController.swift; sourceTree = "<group>"; };
		A3C6A5321DF1C29F00C622D4 /* Base */ = {isa = PBXFileReference; lastKnownFileType = file.storyboard; name = Base; path = Base.lproj/Main.storyboard; sourceTree = "<group>"; };
		A3C6A5341DF1C29F00C622D4 /* Assets.xcassets */ = {isa = PBXFileReference; lastKnownFileType = folder.assetcatalog; path = Assets.xcassets; sourceTree = "<group>"; };
		A3C6A5371DF1C29F00C622D4 /* Base */ = {isa = PBXFileReference; lastKnownFileType = file.storyboard; name = Base; path = Base.lproj/LaunchScreen.storyboard; sourceTree = "<group>"; };
		A3C6A5391DF1C29F00C622D4 /* Info.plist */ = {isa = PBXFileReference; lastKnownFileType = text.plist.xml; path = Info.plist; sourceTree = "<group>"; };
		A3C6A53F1DF1C36C00C622D4 /* BlueViewManager.entitlements */ = {isa = PBXFileReference; lastKnownFileType = text.plist.entitlements; path = BlueViewManager.entitlements; sourceTree = "<group>"; };
		A3C6A5401DF1D1AB00C622D4 /* GoogleService-Info.plist */ = {isa = PBXFileReference; fileEncoding = 4; lastKnownFileType = text.plist.xml; path = "GoogleService-Info.plist"; sourceTree = "<group>"; };
		A3C6A5441DF2020900C622D4 /* LoginViewController.swift */ = {isa = PBXFileReference; fileEncoding = 4; lastKnownFileType = sourcecode.swift; name = LoginViewController.swift; path = ../LoginViewController.swift; sourceTree = "<group>"; };
		A3C6A54D1DF226C400C622D4 /* UIViewController+Alerts.h */ = {isa = PBXFileReference; fileEncoding = 4; lastKnownFileType = sourcecode.c.h; path = "UIViewController+Alerts.h"; sourceTree = "<group>"; };
		A3C6A54E1DF226C400C622D4 /* UIViewController+Alerts.m */ = {isa = PBXFileReference; fileEncoding = 4; lastKnownFileType = sourcecode.c.objc; path = "UIViewController+Alerts.m"; sourceTree = "<group>"; };
		A3C6A5501DF2271100C622D4 /* BlueViewManager-Bridging-Header.h */ = {isa = PBXFileReference; lastKnownFileType = sourcecode.c.h; path = "BlueViewManager-Bridging-Header.h"; sourceTree = "<group>"; };
		A3D039521DF7B18600100887 /* AllUsersViewController.swift */ = {isa = PBXFileReference; fileEncoding = 4; lastKnownFileType = sourcecode.swift; path = AllUsersViewController.swift; sourceTree = "<group>"; };
		A3D039541DF7B27500100887 /* UserTableViewCell.swift */ = {isa = PBXFileReference; fileEncoding = 4; lastKnownFileType = sourcecode.swift; path = UserTableViewCell.swift; sourceTree = "<group>"; };
		A3D039561DF7B98800100887 /* UserCell.xib */ = {isa = PBXFileReference; fileEncoding = 4; lastKnownFileType = file.xib; path = UserCell.xib; sourceTree = "<group>"; };
		A3D039581DF89BD500100887 /* CycleTest.swift */ = {isa = PBXFileReference; fileEncoding = 4; lastKnownFileType = sourcecode.swift; path = CycleTest.swift; sourceTree = "<group>"; };
		A3D0395A1DF89E7100100887 /* AdminFunctions.storyboard */ = {isa = PBXFileReference; fileEncoding = 4; lastKnownFileType = file.storyboard; path = AdminFunctions.storyboard; sourceTree = "<group>"; };
		A3D0395C1DF8A31A00100887 /* CycleTestTableViewCell.swift */ = {isa = PBXFileReference; fileEncoding = 4; lastKnownFileType = sourcecode.swift; path = CycleTestTableViewCell.swift; sourceTree = "<group>"; };
		A3D0395D1DF8A31A00100887 /* CycleTestTableViewCell.xib */ = {isa = PBXFileReference; fileEncoding = 4; lastKnownFileType = file.xib; path = CycleTestTableViewCell.xib; sourceTree = "<group>"; };
		A3D039601DF8BA5D00100887 /* CycleTestsPerUserViewController.swift */ = {isa = PBXFileReference; fileEncoding = 4; lastKnownFileType = sourcecode.swift; path = CycleTestsPerUserViewController.swift; sourceTree = "<group>"; };
/* End PBXFileReference section */

/* Begin PBXFrameworksBuildPhase section */
		A3C6A5251DF1C29E00C622D4 /* Frameworks */ = {
			isa = PBXFrameworksBuildPhase;
			buildActionMask = 2147483647;
			files = (
				6B4C18BD8C8885068325DF77 /* Pods_BlueViewManager.framework in Frameworks */,
			);
			runOnlyForDeploymentPostprocessing = 0;
		};
/* End PBXFrameworksBuildPhase section */

/* Begin PBXGroup section */
		0BD12C8505F3565DA2B7768D /* Frameworks */ = {
			isa = PBXGroup;
			children = (
				15828FAA907A005BF19D9BD1 /* Pods_BlueViewManager.framework */,
			);
			name = Frameworks;
			sourceTree = "<group>";
		};
		90E20F72C92423E22C6A6ED8 /* Pods */ = {
			isa = PBXGroup;
			children = (
				935A3541D7D1D9594CB28C23 /* Pods-BlueViewManager.debug.xcconfig */,
				03CD02307BDC3F6528598621 /* Pods-BlueViewManager.release.xcconfig */,
			);
			name = Pods;
			sourceTree = "<group>";
		};
		A30444281DF6298D009D9218 /* Model */ = {
			isa = PBXGroup;
			children = (
				A30444291DF629A7009D9218 /* User.swift */,
				A304442B1DF62A50009D9218 /* Purchase.swift */,
				A304442D1DF62B7F009D9218 /* Service.swift */,
				A3D039581DF89BD500100887 /* CycleTest.swift */,
			);
			name = Model;
			sourceTree = "<group>";
		};
		A38764E91E033C10005E3C3C /* Services */ = {
			isa = PBXGroup;
			children = (
				A38764EC1E033CB2005E3C3C /* ContainerViewController.swift */,
				A38764EE1E033CDF005E3C3C /* SidePanelViewController.swift */,
				A38764F01E033CFB005E3C3C /* CenterViewController.swift */,
			);
			name = Services;
			sourceTree = "<group>";
		};
		A38764EA1E033C65005E3C3C /* Tests */ = {
			isa = PBXGroup;
			children = (
				A38764EB1E033C72005E3C3C /* Cycle Tests */,
			);
			name = Tests;
			sourceTree = "<group>";
		};
		A38764EB1E033C72005E3C3C /* Cycle Tests */ = {
			isa = PBXGroup;
			children = (
				A3D039601DF8BA5D00100887 /* CycleTestsPerUserViewController.swift */,
				A3A6EF451DF8E53200D98BED /* AddCycleTestTableViewController.swift */,
			);
			name = "Cycle Tests";
			sourceTree = "<group>";
		};
		A3C6A51F1DF1C29E00C622D4 = {
			isa = PBXGroup;
			children = (
				A3C6A52A1DF1C29F00C622D4 /* BlueViewManager */,
				A3C6A5291DF1C29F00C622D4 /* Products */,
				90E20F72C92423E22C6A6ED8 /* Pods */,
				0BD12C8505F3565DA2B7768D /* Frameworks */,
			);
			sourceTree = "<group>";
		};
		A3C6A5291DF1C29F00C622D4 /* Products */ = {
			isa = PBXGroup;
			children = (
				A3C6A5281DF1C29F00C622D4 /* BlueViewManager.app */,
			);
			name = Products;
			sourceTree = "<group>";
		};
		A3C6A52A1DF1C29F00C622D4 /* BlueViewManager */ = {
			isa = PBXGroup;
			children = (
				A38764EA1E033C65005E3C3C /* Tests */,
				A38764E91E033C10005E3C3C /* Services */,
				A3D039541DF7B27500100887 /* UserTableViewCell.swift */,
				A3D0395C1DF8A31A00100887 /* CycleTestTableViewCell.swift */,
				A3D039511DF7197300100887 /* UI */,
				A30444281DF6298D009D9218 /* Model */,
				A3C6A5441DF2020900C622D4 /* LoginViewController.swift */,
				A3C6A5401DF1D1AB00C622D4 /* GoogleService-Info.plist */,
				A3C6A53F1DF1C36C00C622D4 /* BlueViewManager.entitlements */,
				A3C6A52B1DF1C29F00C622D4 /* AppDelegate.swift */,
				A3C6A52D1DF1C29F00C622D4 /* MasterViewController.swift */,
				A3C6A52F1DF1C29F00C622D4 /* DetailViewController.swift */,
				A3C6A5341DF1C29F00C622D4 /* Assets.xcassets */,
				A3C6A5391DF1C29F00C622D4 /* Info.plist */,
				A3C6A54D1DF226C400C622D4 /* UIViewController+Alerts.h */,
				A3C6A54E1DF226C400C622D4 /* UIViewController+Alerts.m */,
				A3C6A5501DF2271100C622D4 /* BlueViewManager-Bridging-Header.h */,
				A304441E1DF34DA3009D9218 /* Images.xcassets */,
				A30444201DF3644C009D9218 /* SignupViewController.swift */,
				A30444261DF5CA58009D9218 /* MasterTitleView.swift */,
				A3D039521DF7B18600100887 /* AllUsersViewController.swift */,
				A38764E51E01F660005E3C3C /* ServicesPerUserViewController.swift */,
				A38764E71E03066D005E3C3C /* UserHistoryTableViewController.swift */,
			);
			path = BlueViewManager;
			sourceTree = "<group>";
		};
		A3D039511DF7197300100887 /* UI */ = {
			isa = PBXGroup;
			children = (
				A3C6A5311DF1C29F00C622D4 /* Main.storyboard */,
				A3C6A5361DF1C29F00C622D4 /* LaunchScreen.storyboard */,
				A30444241DF5C900009D9218 /* MasterTitleView.xib */,
				A3D039561DF7B98800100887 /* UserCell.xib */,
				A3D0395A1DF89E7100100887 /* AdminFunctions.storyboard */,
				A3D0395D1DF8A31A00100887 /* CycleTestTableViewCell.xib */,
			);
			name = UI;
			sourceTree = "<group>";
		};
/* End PBXGroup section */

/* Begin PBXNativeTarget section */
		A3C6A5271DF1C29E00C622D4 /* BlueViewManager */ = {
			isa = PBXNativeTarget;
			buildConfigurationList = A3C6A53C1DF1C29F00C622D4 /* Build configuration list for PBXNativeTarget "BlueViewManager" */;
			buildPhases = (
				6893ABB53EAF6BFDE9E24821 /* [CP] Check Pods Manifest.lock */,
				A3C6A5241DF1C29E00C622D4 /* Sources */,
				A3C6A5251DF1C29E00C622D4 /* Frameworks */,
				A3C6A5261DF1C29E00C622D4 /* Resources */,
				D9679843786939C027CE81FC /* [CP] Embed Pods Frameworks */,
				49E5645DE4EE1F7D90EC54C9 /* [CP] Copy Pods Resources */,
			);
			buildRules = (
			);
			dependencies = (
			);
			name = BlueViewManager;
			productName = BlueViewManager;
			productReference = A3C6A5281DF1C29F00C622D4 /* BlueViewManager.app */;
			productType = "com.apple.product-type.application";
		};
/* End PBXNativeTarget section */

/* Begin PBXProject section */
		A3C6A5201DF1C29E00C622D4 /* Project object */ = {
			isa = PBXProject;
			attributes = {
				LastSwiftUpdateCheck = 0800;
				LastUpgradeCheck = 0800;
				ORGANIZATIONNAME = "Loren Rogers";
				TargetAttributes = {
					A3C6A5271DF1C29E00C622D4 = {
						CreatedOnToolsVersion = 8.0;
						DevelopmentTeam = P672LX6B6Q;
						LastSwiftMigration = 0800;
						ProvisioningStyle = Automatic;
						SystemCapabilities = {
							com.apple.Push = {
								enabled = 1;
							};
						};
					};
				};
			};
			buildConfigurationList = A3C6A5231DF1C29E00C622D4 /* Build configuration list for PBXProject "BlueViewManager" */;
			compatibilityVersion = "Xcode 3.2";
			developmentRegion = English;
			hasScannedForEncodings = 0;
			knownRegions = (
				en,
				Base,
			);
			mainGroup = A3C6A51F1DF1C29E00C622D4;
			productRefGroup = A3C6A5291DF1C29F00C622D4 /* Products */;
			projectDirPath = "";
			projectRoot = "";
			targets = (
				A3C6A5271DF1C29E00C622D4 /* BlueViewManager */,
			);
		};
/* End PBXProject section */

/* Begin PBXResourcesBuildPhase section */
		A3C6A5261DF1C29E00C622D4 /* Resources */ = {
			isa = PBXResourcesBuildPhase;
			buildActionMask = 2147483647;
			files = (
				A3C6A5381DF1C29F00C622D4 /* LaunchScreen.storyboard in Resources */,
				A3C6A5411DF1D1AB00C622D4 /* GoogleService-Info.plist in Resources */,
				A3D0395B1DF89E7100100887 /* AdminFunctions.storyboard in Resources */,
				A304441F1DF34DA3009D9218 /* Images.xcassets in Resources */,
				A30444251DF5C900009D9218 /* MasterTitleView.xib in Resources */,
				A3C6A5351DF1C29F00C622D4 /* Assets.xcassets in Resources */,
				A3C6A5331DF1C29F00C622D4 /* Main.storyboard in Resources */,
				A3D0395F1DF8A31A00100887 /* CycleTestTableViewCell.xib in Resources */,
				A3D039571DF7B98800100887 /* UserCell.xib in Resources */,
			);
			runOnlyForDeploymentPostprocessing = 0;
		};
/* End PBXResourcesBuildPhase section */

/* Begin PBXShellScriptBuildPhase section */
		49E5645DE4EE1F7D90EC54C9 /* [CP] Copy Pods Resources */ = {
			isa = PBXShellScriptBuildPhase;
			buildActionMask = 2147483647;
			files = (
			);
			inputPaths = (
			);
			name = "[CP] Copy Pods Resources";
			outputPaths = (
			);
			runOnlyForDeploymentPostprocessing = 0;
			shellPath = /bin/sh;
			shellScript = "\"${SRCROOT}/Pods/Target Support Files/Pods-BlueViewManager/Pods-BlueViewManager-resources.sh\"\n";
			showEnvVarsInLog = 0;
		};
		6893ABB53EAF6BFDE9E24821 /* [CP] Check Pods Manifest.lock */ = {
			isa = PBXShellScriptBuildPhase;
			buildActionMask = 2147483647;
			files = (
			);
			inputPaths = (
			);
			name = "[CP] Check Pods Manifest.lock";
			outputPaths = (
			);
			runOnlyForDeploymentPostprocessing = 0;
			shellPath = /bin/sh;
			shellScript = "diff \"${PODS_ROOT}/../Podfile.lock\" \"${PODS_ROOT}/Manifest.lock\" > /dev/null\nif [ $? != 0 ] ; then\n    # print error to STDERR\n    echo \"error: The sandbox is not in sync with the Podfile.lock. Run 'pod install' or update your CocoaPods installation.\" >&2\n    exit 1\nfi\n";
			showEnvVarsInLog = 0;
		};
		D9679843786939C027CE81FC /* [CP] Embed Pods Frameworks */ = {
			isa = PBXShellScriptBuildPhase;
			buildActionMask = 2147483647;
			files = (
			);
			inputPaths = (
			);
			name = "[CP] Embed Pods Frameworks";
			outputPaths = (
			);
			runOnlyForDeploymentPostprocessing = 0;
			shellPath = /bin/sh;
			shellScript = "\"${SRCROOT}/Pods/Target Support Files/Pods-BlueViewManager/Pods-BlueViewManager-frameworks.sh\"\n";
			showEnvVarsInLog = 0;
		};
/* End PBXShellScriptBuildPhase section */

/* Begin PBXSourcesBuildPhase section */
		A3C6A5241DF1C29E00C622D4 /* Sources */ = {
			isa = PBXSourcesBuildPhase;
			buildActionMask = 2147483647;
			files = (
				A3A6EF461DF8E53200D98BED /* AddCycleTestTableViewController.swift in Sources */,
				A3D039531DF7B18600100887 /* AllUsersViewController.swift in Sources */,
				A30444211DF3644C009D9218 /* SignupViewController.swift in Sources */,
				A38764F11E033CFB005E3C3C /* CenterViewController.swift in Sources */,
				A3C6A5301DF1C29F00C622D4 /* DetailViewController.swift in Sources */,
				A3D039591DF89BD600100887 /* CycleTest.swift in Sources */,
				A304442C1DF62A50009D9218 /* Purchase.swift in Sources */,
				A3D039551DF7B27500100887 /* UserTableViewCell.swift in Sources */,
				A3D0395E1DF8A31A00100887 /* CycleTestTableViewCell.swift in Sources */,
				A3C6A54F1DF226C400C622D4 /* UIViewController+Alerts.m in Sources */,
				A3C6A5451DF2020900C622D4 /* LoginViewController.swift in Sources */,
				A304442A1DF629A7009D9218 /* User.swift in Sources */,
				A38764E81E03066D005E3C3C /* UserHistoryTableViewController.swift in Sources */,
				A38764EF1E033CDF005E3C3C /* SidePanelViewController.swift in Sources */,
				A38764ED1E033CB2005E3C3C /* ContainerViewController.swift in Sources */,
				A3C6A52E1DF1C29F00C622D4 /* MasterViewController.swift in Sources */,
				A3D039611DF8BA5D00100887 /* CycleTestsPerUserViewController.swift in Sources */,
				A38764E61E01F660005E3C3C /* ServicesPerUserViewController.swift in Sources */,
				A304442E1DF62B7F009D9218 /* Service.swift in Sources */,
				A30444271DF5CA58009D9218 /* MasterTitleView.swift in Sources */,
				A3C6A52C1DF1C29F00C622D4 /* AppDelegate.swift in Sources */,
			);
			runOnlyForDeploymentPostprocessing = 0;
		};
/* End PBXSourcesBuildPhase section */

/* Begin PBXVariantGroup section */
		A3C6A5311DF1C29F00C622D4 /* Main.storyboard */ = {
			isa = PBXVariantGroup;
			children = (
				A3C6A5321DF1C29F00C622D4 /* Base */,
			);
			name = Main.storyboard;
			sourceTree = "<group>";
		};
		A3C6A5361DF1C29F00C622D4 /* LaunchScreen.storyboard */ = {
			isa = PBXVariantGroup;
			children = (
				A3C6A5371DF1C29F00C622D4 /* Base */,
			);
			name = LaunchScreen.storyboard;
			sourceTree = "<group>";
		};
/* End PBXVariantGroup section */

/* Begin XCBuildConfiguration section */
		A3C6A53A1DF1C29F00C622D4 /* Debug */ = {
			isa = XCBuildConfiguration;
			buildSettings = {
				ALWAYS_SEARCH_USER_PATHS = NO;
				CLANG_ANALYZER_NONNULL = YES;
				CLANG_CXX_LANGUAGE_STANDARD = "gnu++0x";
				CLANG_CXX_LIBRARY = "libc++";
				CLANG_ENABLE_MODULES = YES;
				CLANG_ENABLE_OBJC_ARC = YES;
				CLANG_WARN_BOOL_CONVERSION = YES;
				CLANG_WARN_CONSTANT_CONVERSION = YES;
				CLANG_WARN_DIRECT_OBJC_ISA_USAGE = YES_ERROR;
				CLANG_WARN_DOCUMENTATION_COMMENTS = YES;
				CLANG_WARN_EMPTY_BODY = YES;
				CLANG_WARN_ENUM_CONVERSION = YES;
				CLANG_WARN_INFINITE_RECURSION = YES;
				CLANG_WARN_INT_CONVERSION = YES;
				CLANG_WARN_OBJC_ROOT_CLASS = YES_ERROR;
				CLANG_WARN_SUSPICIOUS_MOVES = YES;
				CLANG_WARN_UNREACHABLE_CODE = YES;
				CLANG_WARN__DUPLICATE_METHOD_MATCH = YES;
				"CODE_SIGN_IDENTITY[sdk=iphoneos*]" = "iPhone Developer";
				COPY_PHASE_STRIP = NO;
				DEBUG_INFORMATION_FORMAT = dwarf;
				ENABLE_STRICT_OBJC_MSGSEND = YES;
				ENABLE_TESTABILITY = YES;
				GCC_C_LANGUAGE_STANDARD = gnu99;
				GCC_DYNAMIC_NO_PIC = NO;
				GCC_NO_COMMON_BLOCKS = YES;
				GCC_OPTIMIZATION_LEVEL = 0;
				GCC_PREPROCESSOR_DEFINITIONS = (
					"DEBUG=1",
					"$(inherited)",
				);
				GCC_WARN_64_TO_32_BIT_CONVERSION = YES;
				GCC_WARN_ABOUT_RETURN_TYPE = YES_ERROR;
				GCC_WARN_UNDECLARED_SELECTOR = YES;
				GCC_WARN_UNINITIALIZED_AUTOS = YES_AGGRESSIVE;
				GCC_WARN_UNUSED_FUNCTION = YES;
				GCC_WARN_UNUSED_VARIABLE = YES;
				IPHONEOS_DEPLOYMENT_TARGET = 8.1;
				MTL_ENABLE_DEBUG_INFO = YES;
				ONLY_ACTIVE_ARCH = YES;
				SDKROOT = iphoneos;
				SWIFT_ACTIVE_COMPILATION_CONDITIONS = DEBUG;
				SWIFT_OPTIMIZATION_LEVEL = "-Onone";
				TARGETED_DEVICE_FAMILY = "1,2";
			};
			name = Debug;
		};
		A3C6A53B1DF1C29F00C622D4 /* Release */ = {
			isa = XCBuildConfiguration;
			buildSettings = {
				ALWAYS_SEARCH_USER_PATHS = NO;
				CLANG_ANALYZER_NONNULL = YES;
				CLANG_CXX_LANGUAGE_STANDARD = "gnu++0x";
				CLANG_CXX_LIBRARY = "libc++";
				CLANG_ENABLE_MODULES = YES;
				CLANG_ENABLE_OBJC_ARC = YES;
				CLANG_WARN_BOOL_CONVERSION = YES;
				CLANG_WARN_CONSTANT_CONVERSION = YES;
				CLANG_WARN_DIRECT_OBJC_ISA_USAGE = YES_ERROR;
				CLANG_WARN_DOCUMENTATION_COMMENTS = YES;
				CLANG_WARN_EMPTY_BODY = YES;
				CLANG_WARN_ENUM_CONVERSION = YES;
				CLANG_WARN_INFINITE_RECURSION = YES;
				CLANG_WARN_INT_CONVERSION = YES;
				CLANG_WARN_OBJC_ROOT_CLASS = YES_ERROR;
				CLANG_WARN_SUSPICIOUS_MOVES = YES;
				CLANG_WARN_UNREACHABLE_CODE = YES;
				CLANG_WARN__DUPLICATE_METHOD_MATCH = YES;
				"CODE_SIGN_IDENTITY[sdk=iphoneos*]" = "iPhone Developer";
				COPY_PHASE_STRIP = NO;
				DEBUG_INFORMATION_FORMAT = "dwarf-with-dsym";
				ENABLE_NS_ASSERTIONS = NO;
				ENABLE_STRICT_OBJC_MSGSEND = YES;
				GCC_C_LANGUAGE_STANDARD = gnu99;
				GCC_NO_COMMON_BLOCKS = YES;
				GCC_WARN_64_TO_32_BIT_CONVERSION = YES;
				GCC_WARN_ABOUT_RETURN_TYPE = YES_ERROR;
				GCC_WARN_UNDECLARED_SELECTOR = YES;
				GCC_WARN_UNINITIALIZED_AUTOS = YES_AGGRESSIVE;
				GCC_WARN_UNUSED_FUNCTION = YES;
				GCC_WARN_UNUSED_VARIABLE = YES;
				IPHONEOS_DEPLOYMENT_TARGET = 8.1;
				MTL_ENABLE_DEBUG_INFO = NO;
				SDKROOT = iphoneos;
				SWIFT_OPTIMIZATION_LEVEL = "-Owholemodule";
				TARGETED_DEVICE_FAMILY = "1,2";
				VALIDATE_PRODUCT = YES;
			};
			name = Release;
		};
		A3C6A53D1DF1C29F00C622D4 /* Debug */ = {
			isa = XCBuildConfiguration;
			baseConfigurationReference = 935A3541D7D1D9594CB28C23 /* Pods-BlueViewManager.debug.xcconfig */;
			buildSettings = {
				ASSETCATALOG_COMPILER_APPICON_NAME = AppIcon;
				CLANG_ENABLE_MODULES = YES;
				CODE_SIGN_ENTITLEMENTS = BlueViewManager/BlueViewManager.entitlements;
				DEVELOPMENT_TEAM = P672LX6B6Q;
				INFOPLIST_FILE = BlueViewManager/Info.plist;
				IPHONEOS_DEPLOYMENT_TARGET = 8.1;
				LD_RUNPATH_SEARCH_PATHS = "$(inherited) @executable_path/Frameworks";
				PRODUCT_BUNDLE_IDENTIFIER = com.furtiveops.BlueViewManager;
				PRODUCT_NAME = "$(TARGET_NAME)";
				SWIFT_OBJC_BRIDGING_HEADER = "BlueViewManager/BlueViewManager-Bridging-Header.h";
				SWIFT_OPTIMIZATION_LEVEL = "-Onone";
				SWIFT_VERSION = 3.0;
			};
			name = Debug;
		};
		A3C6A53E1DF1C29F00C622D4 /* Release */ = {
			isa = XCBuildConfiguration;
			baseConfigurationReference = 03CD02307BDC3F6528598621 /* Pods-BlueViewManager.release.xcconfig */;
			buildSettings = {
				ASSETCATALOG_COMPILER_APPICON_NAME = AppIcon;
				CLANG_ENABLE_MODULES = YES;
				CODE_SIGN_ENTITLEMENTS = BlueViewManager/BlueViewManager.entitlements;
				DEVELOPMENT_TEAM = P672LX6B6Q;
				INFOPLIST_FILE = BlueViewManager/Info.plist;
				IPHONEOS_DEPLOYMENT_TARGET = 8.1;
				LD_RUNPATH_SEARCH_PATHS = "$(inherited) @executable_path/Frameworks";
				PRODUCT_BUNDLE_IDENTIFIER = com.furtiveops.BlueViewManager;
				PRODUCT_NAME = "$(TARGET_NAME)";
				SWIFT_OBJC_BRIDGING_HEADER = "BlueViewManager/BlueViewManager-Bridging-Header.h";
				SWIFT_VERSION = 3.0;
			};
			name = Release;
		};
/* End XCBuildConfiguration section */

/* Begin XCConfigurationList section */
		A3C6A5231DF1C29E00C622D4 /* Build configuration list for PBXProject "BlueViewManager" */ = {
			isa = XCConfigurationList;
			buildConfigurations = (
				A3C6A53A1DF1C29F00C622D4 /* Debug */,
				A3C6A53B1DF1C29F00C622D4 /* Release */,
			);
			defaultConfigurationIsVisible = 0;
			defaultConfigurationName = Release;
		};
		A3C6A53C1DF1C29F00C622D4 /* Build configuration list for PBXNativeTarget "BlueViewManager" */ = {
			isa = XCConfigurationList;
			buildConfigurations = (
				A3C6A53D1DF1C29F00C622D4 /* Debug */,
				A3C6A53E1DF1C29F00C622D4 /* Release */,
			);
			defaultConfigurationIsVisible = 0;
			defaultConfigurationName = Release;
		};
/* End XCConfigurationList section */
	};
	rootObject = A3C6A5201DF1C29E00C622D4 /* Project object */;
}
